// !$*UTF8*$!
{
	archiveVersion = 1;
	classes = {
	};
	objectVersion = 50;
	objects = {

/* Begin PBXBuildFile section */
		0FF570D020B4B36000F3B139 /* AppDelegate.swift in Sources */ = {isa = PBXBuildFile; fileRef = 0FF570CF20B4B36000F3B139 /* AppDelegate.swift */; };
		0FF570D220B4B36000F3B139 /* ViewController.swift in Sources */ = {isa = PBXBuildFile; fileRef = 0FF570D120B4B36000F3B139 /* ViewController.swift */; };
		0FF570D520B4B36000F3B139 /* Main.storyboard in Resources */ = {isa = PBXBuildFile; fileRef = 0FF570D320B4B36000F3B139 /* Main.storyboard */; };
		0FF570D720B4B36200F3B139 /* Assets.xcassets in Resources */ = {isa = PBXBuildFile; fileRef = 0FF570D620B4B36200F3B139 /* Assets.xcassets */; };
		0FF570DA20B4B36200F3B139 /* LaunchScreen.storyboard in Resources */ = {isa = PBXBuildFile; fileRef = 0FF570D820B4B36200F3B139 /* LaunchScreen.storyboard */; };
		0FF570E220B4B3CB00F3B139 /* PlayingCard.swift in Sources */ = {isa = PBXBuildFile; fileRef = 0FF570E120B4B3CB00F3B139 /* PlayingCard.swift */; };
		0FF570E420B4B80400F3B139 /* PlayingCardDeck.swift in Sources */ = {isa = PBXBuildFile; fileRef = 0FF570E320B4B80400F3B139 /* PlayingCardDeck.swift */; };
		0FF570E620B4CB6600F3B139 /* PlayingCardView.swift in Sources */ = {isa = PBXBuildFile; fileRef = 0FF570E520B4CB6600F3B139 /* PlayingCardView.swift */; };
/* End PBXBuildFile section */

/* Begin PBXFileReference section */
		0FF570CC20B4B36000F3B139 /* PlayingCards.app */ = {isa = PBXFileReference; explicitFileType = wrapper.application; includeInIndex = 0; path = PlayingCards.app; sourceTree = BUILT_PRODUCTS_DIR; };
		0FF570CF20B4B36000F3B139 /* AppDelegate.swift */ = {isa = PBXFileReference; lastKnownFileType = sourcecode.swift; path = AppDelegate.swift; sourceTree = "<group>"; };
		0FF570D120B4B36000F3B139 /* ViewController.swift */ = {isa = PBXFileReference; lastKnownFileType = sourcecode.swift; path = ViewController.swift; sourceTree = "<group>"; };
		0FF570D420B4B36000F3B139 /* Base */ = {isa = PBXFileReference; lastKnownFileType = file.storyboard; name = Base; path = Base.lproj/Main.storyboard; sourceTree = "<group>"; };
		0FF570D620B4B36200F3B139 /* Assets.xcassets */ = {isa = PBXFileReference; lastKnownFileType = folder.assetcatalog; path = Assets.xcassets; sourceTree = "<group>"; };
		0FF570D920B4B36200F3B139 /* Base */ = {isa = PBXFileReference; lastKnownFileType = file.storyboard; name = Base; path = Base.lproj/LaunchScreen.storyboard; sourceTree = "<group>"; };
		0FF570DB20B4B36200F3B139 /* Info.plist */ = {isa = PBXFileReference; lastKnownFileType = text.plist.xml; path = Info.plist; sourceTree = "<group>"; };
		0FF570E120B4B3CB00F3B139 /* PlayingCard.swift */ = {isa = PBXFileReference; lastKnownFileType = sourcecode.swift; path = PlayingCard.swift; sourceTree = "<group>"; };
		0FF570E320B4B80400F3B139 /* PlayingCardDeck.swift */ = {isa = PBXFileReference; lastKnownFileType = sourcecode.swift; path = PlayingCardDeck.swift; sourceTree = "<group>"; };
		0FF570E520B4CB6600F3B139 /* PlayingCardView.swift */ = {isa = PBXFileReference; lastKnownFileType = sourcecode.swift; path = PlayingCardView.swift; sourceTree = "<group>"; };
/* End PBXFileReference section */

/* Begin PBXFrameworksBuildPhase section */
		0FF570C920B4B36000F3B139 /* Frameworks */ = {
			isa = PBXFrameworksBuildPhase;
			buildActionMask = 2147483647;
			files = (
			);
			runOnlyForDeploymentPostprocessing = 0;
		};
/* End PBXFrameworksBuildPhase section */

/* Begin PBXGroup section */
		0FF570C320B4B36000F3B139 = {
			isa = PBXGroup;
			children = (
				0FF570CE20B4B36000F3B139 /* PlayingCards */,
				0FF570CD20B4B36000F3B139 /* Products */,
			);
			sourceTree = "<group>";
		};
		0FF570CD20B4B36000F3B139 /* Products */ = {
			isa = PBXGroup;
			children = (
				0FF570CC20B4B36000F3B139 /* PlayingCards.app */,
			);
			name = Products;
			sourceTree = "<group>";
		};
		0FF570CE20B4B36000F3B139 /* PlayingCards */ = {
			isa = PBXGroup;
			children = (
				0FF570CF20B4B36000F3B139 /* AppDelegate.swift */,
				0FF570D120B4B36000F3B139 /* ViewController.swift */,
				0FF570E120B4B3CB00F3B139 /* PlayingCard.swift */,
				0FF570E320B4B80400F3B139 /* PlayingCardDeck.swift */,
				0FF570E520B4CB6600F3B139 /* PlayingCardView.swift */,
				0FF570D320B4B36000F3B139 /* Main.storyboard */,
				0FF570D620B4B36200F3B139 /* Assets.xcassets */,
				0FF570D820B4B36200F3B139 /* LaunchScreen.storyboard */,
				0FF570DB20B4B36200F3B139 /* Info.plist */,
			);
			path = PlayingCards;
			sourceTree = "<group>";
		};
/* End PBXGroup section */

/* Begin PBXNativeTarget section */
		0FF570CB20B4B36000F3B139 /* PlayingCards */ = {
			isa = PBXNativeTarget;
			buildConfigurationList = 0FF570DE20B4B36200F3B139 /* Build configuration list for PBXNativeTarget "PlayingCards" */;
			buildPhases = (
				0FF570C820B4B36000F3B139 /* Sources */,
				0FF570C920B4B36000F3B139 /* Frameworks */,
				0FF570CA20B4B36000F3B139 /* Resources */,
			);
			buildRules = (
			);
			dependencies = (
			);
			name = PlayingCards;
			productName = PlayingCards;
			productReference = 0FF570CC20B4B36000F3B139 /* PlayingCards.app */;
			productType = "com.apple.product-type.application";
		};
/* End PBXNativeTarget section */

/* Begin PBXProject section */
		0FF570C420B4B36000F3B139 /* Project object */ = {
			isa = PBXProject;
			attributes = {
				LastSwiftUpdateCheck = 0930;
				LastUpgradeCheck = 0930;
				ORGANIZATIONNAME = "ping tseng tsai";
				TargetAttributes = {
					0FF570CB20B4B36000F3B139 = {
						CreatedOnToolsVersion = 9.3.1;
					};
				};
			};
			buildConfigurationList = 0FF570C720B4B36000F3B139 /* Build configuration list for PBXProject "PlayingCards" */;
			compatibilityVersion = "Xcode 9.3";
			developmentRegion = en;
			hasScannedForEncodings = 0;
			knownRegions = (
				en,
				Base,
			);
			mainGroup = 0FF570C320B4B36000F3B139;
			productRefGroup = 0FF570CD20B4B36000F3B139 /* Products */;
			projectDirPath = "";
			projectRoot = "";
			targets = (
				0FF570CB20B4B36000F3B139 /* PlayingCards */,
			);
		};
/* End PBXProject section */

/* Begin PBXResourcesBuildPhase section */
		0FF570CA20B4B36000F3B139 /* Resources */ = {
			isa = PBXResourcesBuildPhase;
			buildActionMask = 2147483647;
			files = (
				0FF570DA20B4B36200F3B139 /* LaunchScreen.storyboard in Resources */,
				0FF570D720B4B36200F3B139 /* Assets.xcassets in Resources */,
				0FF570D520B4B36000F3B139 /* Main.storyboard in Resources */,
			);
			runOnlyForDeploymentPostprocessing = 0;
		};
/* End PBXResourcesBuildPhase section */

/* Begin PBXSourcesBuildPhase section */
		0FF570C820B4B36000F3B139 /* Sources */ = {
			isa = PBXSourcesBuildPhase;
			buildActionMask = 2147483647;
			files = (
				0FF570D220B4B36000F3B139 /* ViewController.swift in Sources */,
				0FF570E420B4B80400F3B139 /* PlayingCardDeck.swift in Sources */,
				0FF570E220B4B3CB00F3B139 /* PlayingCard.swift in Sources */,
				0FF570E620B4CB6600F3B139 /* PlayingCardView.swift in Sources */,
				0FF570D020B4B36000F3B139 /* AppDelegate.swift in Sources */,
			);
			runOnlyForDeploymentPostprocessing = 0;
		};
/* End PBXSourcesBuildPhase section */

/* Begin PBXVariantGroup section */
		0FF570D320B4B36000F3B139 /* Main.storyboard */ = {
			isa = PBXVariantGroup;
			children = (
				0FF570D420B4B36000F3B139 /* Base */,
			);
			name = Main.storyboard;
			sourceTree = "<group>";
		};
		0FF570D820B4B36200F3B139 /* LaunchScreen.storyboard */ = {
			isa = PBXVariantGroup;
			children = (
				0FF570D920B4B36200F3B139 /* Base */,
			);
			name = LaunchScreen.storyboard;
			sourceTree = "<group>";
		};
/* End PBXVariantGroup section */

/* Begin XCBuildConfiguration section */
		0FF570DC20B4B36200F3B139 /* Debug */ = {
			isa = XCBuildConfiguration;
			buildSettings = {
				ALWAYS_SEARCH_USER_PATHS = NO;
				CLANG_ANALYZER_NONNULL = YES;
				CLANG_ANALYZER_NUMBER_OBJECT_CONVERSION = YES_AGGRESSIVE;
				CLANG_CXX_LANGUAGE_STANDARD = "gnu++14";
				CLANG_CXX_LIBRARY = "libc++";
				CLANG_ENABLE_MODULES = YES;
				CLANG_ENABLE_OBJC_ARC = YES;
				CLANG_ENABLE_OBJC_WEAK = YES;
				CLANG_WARN_BLOCK_CAPTURE_AUTORELEASING = YES;
				CLANG_WARN_BOOL_CONVERSION = YES;
				CLANG_WARN_COMMA = YES;
				CLANG_WARN_CONSTANT_CONVERSION = YES;
				CLANG_WARN_DEPRECATED_OBJC_IMPLEMENTATIONS = YES;
				CLANG_WARN_DIRECT_OBJC_ISA_USAGE = YES_ERROR;
				CLANG_WARN_DOCUMENTATION_COMMENTS = YES;
				CLANG_WARN_EMPTY_BODY = YES;
				CLANG_WARN_ENUM_CONVERSION = YES;
				CLANG_WARN_INFINITE_RECURSION = YES;
				CLANG_WARN_INT_CONVERSION = YES;
				CLANG_WARN_NON_LITERAL_NULL_CONVERSION = YES;
				CLANG_WARN_OBJC_IMPLICIT_RETAIN_SELF = YES;
				CLANG_WARN_OBJC_LITERAL_CONVERSION = YES;
				CLANG_WARN_OBJC_ROOT_CLASS = YES_ERROR;
				CLANG_WARN_RANGE_LOOP_ANALYSIS = YES;
				CLANG_WARN_STRICT_PROTOTYPES = YES;
				CLANG_WARN_SUSPICIOUS_MOVE = YES;
				CLANG_WARN_UNGUARDED_AVAILABILITY = YES_AGGRESSIVE;
				CLANG_WARN_UNREACHABLE_CODE = YES;
				CLANG_WARN__DUPLICATE_METHOD_MATCH = YES;
				CODE_SIGN_IDENTITY = "iPhone Developer";
				COPY_PHASE_STRIP = NO;
				DEBUG_INFORMATION_FORMAT = dwarf;
				ENABLE_STRICT_OBJC_MSGSEND = YES;
				ENABLE_TESTABILITY = YES;
				GCC_C_LANGUAGE_STANDARD = gnu11;
				GCC_DYNAMIC_NO_PIC = NO;
				GCC_NO_COMMON_BLOCKS = YES;
				GCC_OPTIMIZATION_LEVEL = 0;
				GCC_PREPROCESSOR_DEFINITIONS = (
					"DEBUG=1",
					"$(inherited)",
				);
				GCC_WARN_64_TO_32_BIT_CONVERSION = YES;
				GCC_WARN_ABOUT_RETURN_TYPE = YES_ERROR;
				GCC_WARN_UNDECLARED_SELECTOR = YES;
				GCC_WARN_UNINITIALIZED_AUTOS = YES_AGGRESSIVE;
				GCC_WARN_UNUSED_FUNCTION = YES;
				GCC_WARN_UNUSED_VARIABLE = YES;
				IPHONEOS_DEPLOYMENT_TARGET = 11.3;
				MTL_ENABLE_DEBUG_INFO = YES;
				ONLY_ACTIVE_ARCH = YES;
				SDKROOT = iphoneos;
				SWIFT_ACTIVE_COMPILATION_CONDITIONS = DEBUG;
				SWIFT_OPTIMIZATION_LEVEL = "-Onone";
			};
			name = Debug;
		};
		0FF570DD20B4B36200F3B139 /* Release */ = {
			isa = XCBuildConfiguration;
			buildSettings = {
				ALWAYS_SEARCH_USER_PATHS = NO;
				CLANG_ANALYZER_NONNULL = YES;
				CLANG_ANALYZER_NUMBER_OBJECT_CONVERSION = YES_AGGRESSIVE;
				CLANG_CXX_LANGUAGE_STANDARD = "gnu++14";
				CLANG_CXX_LIBRARY = "libc++";
				CLANG_ENABLE_MODULES = YES;
				CLANG_ENABLE_OBJC_ARC = YES;
				CLANG_ENABLE_OBJC_WEAK = YES;
				CLANG_WARN_BLOCK_CAPTURE_AUTORELEASING = YES;
				CLANG_WARN_BOOL_CONVERSION = YES;
				CLANG_WARN_COMMA = YES;
				CLANG_WARN_CONSTANT_CONVERSION = YES;
				CLANG_WARN_DEPRECATED_OBJC_IMPLEMENTATIONS = YES;
				CLANG_WARN_DIRECT_OBJC_ISA_USAGE = YES_ERROR;
				CLANG_WARN_DOCUMENTATION_COMMENTS = YES;
				CLANG_WARN_EMPTY_BODY = YES;
				CLANG_WARN_ENUM_CONVERSION = YES;
				CLANG_WARN_INFINITE_RECURSION = YES;
				CLANG_WARN_INT_CONVERSION = YES;
				CLANG_WARN_NON_LITERAL_NULL_CONVERSION = YES;
				CLANG_WARN_OBJC_IMPLICIT_RETAIN_SELF = YES;
				CLANG_WARN_OBJC_LITERAL_CONVERSION = YES;
				CLANG_WARN_OBJC_ROOT_CLASS = YES_ERROR;
				CLANG_WARN_RANGE_LOOP_ANALYSIS = YES;
				CLANG_WARN_STRICT_PROTOTYPES = YES;
				CLANG_WARN_SUSPICIOUS_MOVE = YES;
				CLANG_WARN_UNGUARDED_AVAILABILITY = YES_AGGRESSIVE;
				CLANG_WARN_UNREACHABLE_CODE = YES;
				CLANG_WARN__DUPLICATE_METHOD_MATCH = YES;
				CODE_SIGN_IDENTITY = "iPhone Developer";
				COPY_PHASE_STRIP = NO;
				DEBUG_INFORMATION_FORMAT = "dwarf-with-dsym";
				ENABLE_NS_ASSERTIONS = NO;
				ENABLE_STRICT_OBJC_MSGSEND = YES;
				GCC_C_LANGUAGE_STANDARD = gnu11;
				GCC_NO_COMMON_BLOCKS = YES;
				GCC_WARN_64_TO_32_BIT_CONVERSION = YES;
				GCC_WARN_ABOUT_RETURN_TYPE = YES_ERROR;
				GCC_WARN_UNDECLARED_SELECTOR = YES;
				GCC_WARN_UNINITIALIZED_AUTOS = YES_AGGRESSIVE;
				GCC_WARN_UNUSED_FUNCTION = YES;
				GCC_WARN_UNUSED_VARIABLE = YES;
				IPHONEOS_DEPLOYMENT_TARGET = 11.3;
				MTL_ENABLE_DEBUG_INFO = NO;
				SDKROOT = iphoneos;
				SWIFT_COMPILATION_MODE = wholemodule;
				SWIFT_OPTIMIZATION_LEVEL = "-O";
				VALIDATE_PRODUCT = YES;
			};
			name = Release;
		};
		0FF570DF20B4B36200F3B139 /* Debug */ = {
			isa = XCBuildConfiguration;
			buildSettings = {
				ASSETCATALOG_COMPILER_APPICON_NAME = AppIcon;
				CODE_SIGN_STYLE = Automatic;
				INFOPLIST_FILE = PlayingCards/Info.plist;
				LD_RUNPATH_SEARCH_PATHS = (
					"$(inherited)",
					"@executable_path/Frameworks",
				);
				PRODUCT_BUNDLE_IDENTIFIER = hunter.PlayingCards;
				PRODUCT_NAME = "$(TARGET_NAME)";
				SWIFT_VERSION = 4.0;
				TARGETED_DEVICE_FAMILY = "1,2";
			};
			name = Debug;
		};
		0FF570E020B4B36200F3B139 /* Release */ = {
			isa = XCBuildConfiguration;
			buildSettings = {
				ASSETCATALOG_COMPILER_APPICON_NAME = AppIcon;
				CODE_SIGN_STYLE = Automatic;
				INFOPLIST_FILE = PlayingCards/Info.plist;
				LD_RUNPATH_SEARCH_PATHS = (
					"$(inherited)",
					"@executable_path/Frameworks",
				);
				PRODUCT_BUNDLE_IDENTIFIER = hunter.PlayingCards;
				PRODUCT_NAME = "$(TARGET_NAME)";
				SWIFT_VERSION = 4.0;
				TARGETED_DEVICE_FAMILY = "1,2";
			};
			name = Release;
		};
/* End XCBuildConfiguration section */

/* Begin XCConfigurationList section */
		0FF570C720B4B36000F3B139 /* Build configuration list for PBXProject "PlayingCards" */ = {
			isa = XCConfigurationList;
			buildConfigurations = (
				0FF570DC20B4B36200F3B139 /* Debug */,
				0FF570DD20B4B36200F3B139 /* Release */,
			);
			defaultConfigurationIsVisible = 0;
			defaultConfigurationName = Release;
		};
		0FF570DE20B4B36200F3B139 /* Build configuration list for PBXNativeTarget "PlayingCards" */ = {
			isa = XCConfigurationList;
			buildConfigurations = (
				0FF570DF20B4B36200F3B139 /* Debug */,
				0FF570E020B4B36200F3B139 /* Release */,
			);
			defaultConfigurationIsVisible = 0;
			defaultConfigurationName = Release;
		};
/* End XCConfigurationList section */
	};
	rootObject = 0FF570C420B4B36000F3B139 /* Project object */;
}
